
Microsoft Visual Studio Solution File, Format Version 12.00
# Visual Studio Version 17
VisualStudioVersion = 17.0.31903.59
MinimumVisualStudioVersion = 10.0.40219.1
Project("{FAE04EC0-301F-11D3-BF4B-00C04F79EFBC}") = "BlazorShop.Web", "BlazorShop.Web\BlazorShop.Web.csproj", "{D901A91A-DD63-4549-9843-63B0D0F0F74E}"
EndProject
Project("{FAE04EC0-301F-11D3-BF4B-00C04F79EFBC}") = "BlazorShop.Api", "BlazorShop.Api\BlazorShop.Api.csproj", "{49FEDE0D-DCE9-4CE5-8A0C-A7FD3E4C15F6}"
EndProject
Project("{FAE04EC0-301F-11D3-BF4B-00C04F79EFBC}") = "BlazorShop.Models", "BlazorShop.Models\BlazorShop.Models.csproj", "{76BDEB5A-5602-46EC-9842-55356DFA557A}"
EndProject
Global
	GlobalSection(SolutionConfigurationPlatforms) = preSolution
		Debug|Any CPU = Debug|Any CPU
		Release|Any CPU = Release|Any CPU
	EndGlobalSection
	GlobalSection(SolutionProperties) = preSolution
		HideSolutionNode = FALSE
	EndGlobalSection
	GlobalSection(ProjectConfigurationPlatforms) = postSolution
		{D901A91A-DD63-4549-9843-63B0D0F0F74E}.Debug|Any CPU.ActiveCfg = Debug|Any CPU
		{D901A91A-DD63-4549-9843-63B0D0F0F74E}.Debug|Any CPU.Build.0 = Debug|Any CPU
		{D901A91A-DD63-4549-9843-63B0D0F0F74E}.Release|Any CPU.ActiveCfg = Release|Any CPU
		{D901A91A-DD63-4549-9843-63B0D0F0F74E}.Release|Any CPU.Build.0 = Release|Any CPU
		{49FEDE0D-DCE9-4CE5-8A0C-A7FD3E4C15F6}.Debug|Any CPU.ActiveCfg = Debug|Any CPU
		{49FEDE0D-DCE9-4CE5-8A0C-A7FD3E4C15F6}.Debug|Any CPU.Build.0 = Debug|Any CPU
		{49FEDE0D-DCE9-4CE5-8A0C-A7FD3E4C15F6}.Release|Any CPU.ActiveCfg = Release|Any CPU
		{49FEDE0D-DCE9-4CE5-8A0C-A7FD3E4C15F6}.Release|Any CPU.Build.0 = Release|Any CPU
		{76BDEB5A-5602-46EC-9842-55356DFA557A}.Debug|Any CPU.ActiveCfg = Debug|Any CPU
		{76BDEB5A-5602-46EC-9842-55356DFA557A}.Debug|Any CPU.Build.0 = Debug|Any CPU
		{76BDEB5A-5602-46EC-9842-55356DFA557A}.Release|Any CPU.ActiveCfg = Release|Any CPU
		{76BDEB5A-5602-46EC-9842-55356DFA557A}.Release|Any CPU.Build.0 = Release|Any CPU
	EndGlobalSection
EndGlobal
